
Microsoft Visual Studio Solution File, Format Version 12.00
# Visual Studio Version 17
VisualStudioVersion = 17.9.34723.18
MinimumVisualStudioVersion = 10.0.40219.1
Project("{9A19103F-16F7-4668-BE54-9A1E7A4F7556}") = "Pit2Hi022052", "Pit2Hi022052\Pit2Hi022052.csproj", "{9131515D-D45F-4258-99DF-D452E0110590}"
EndProject
Project("{9A19103F-16F7-4668-BE54-9A1E7A4F7556}") = "Pit2Hi022999", "Pit2Hi022999\Pit2Hi022999.csproj", "{21C17DCB-237C-4418-BDC7-C3F211BA197E}"
EndProject
Global
	GlobalSection(SolutionConfigurationPlatforms) = preSolution
		Debug|Any CPU = Debug|Any CPU
		Release|Any CPU = Release|Any CPU
	EndGlobalSection
	GlobalSection(ProjectConfigurationPlatforms) = postSolution
		{9131515D-D45F-4258-99DF-D452E0110590}.Debug|Any CPU.ActiveCfg = Debug|Any CPU
		{9131515D-D45F-4258-99DF-D452E0110590}.Debug|Any CPU.Build.0 = Debug|Any CPU
		{9131515D-D45F-4258-99DF-D452E0110590}.Release|Any CPU.ActiveCfg = Release|Any CPU
		{9131515D-D45F-4258-99DF-D452E0110590}.Release|Any CPU.Build.0 = Release|Any CPU
		{21C17DCB-237C-4418-BDC7-C3F211BA197E}.Debug|Any CPU.ActiveCfg = Debug|Any CPU
		{21C17DCB-237C-4418-BDC7-C3F211BA197E}.Debug|Any CPU.Build.0 = Debug|Any CPU
		{21C17DCB-237C-4418-BDC7-C3F211BA197E}.Release|Any CPU.ActiveCfg = Release|Any CPU
		{21C17DCB-237C-4418-BDC7-C3F211BA197E}.Release|Any CPU.Build.0 = Release|Any CPU
	EndGlobalSection
	GlobalSection(SolutionProperties) = preSolution
		HideSolutionNode = FALSE
	EndGlobalSection
	GlobalSection(ExtensibilityGlobals) = postSolution
		SolutionGuid = {D397BB43-5188-4B05-A970-2088626F6083}
	EndGlobalSection
EndGlobal
